
Microsoft Visual Studio Solution File, Format Version 12.00
# Visual Studio 15
VisualStudioVersion = 15.0.28010.2048
MinimumVisualStudioVersion = 10.0.40219.1
Project("{FAE04EC0-301F-11D3-BF4B-00C04F79EFBC}") = "Ifpa.Android", "Ifpa\Ifpa.Android\Ifpa.Android.csproj", "{93A4FD23-766C-4815-85D2-C26CFD02EDA0}"
EndProject
Project("{FAE04EC0-301F-11D3-BF4B-00C04F79EFBC}") = "Ifpa.iOS", "Ifpa\Ifpa.iOS\Ifpa.iOS.csproj", "{AC6C8F6D-8F45-457A-A3E1-0998EAFBF1E5}"
EndProject
Project("{9A19103F-16F7-4668-BE54-9A1E7A4F7556}") = "Ifpa", "Ifpa\Ifpa\Ifpa.csproj", "{924ED4A9-0C09-4CD9-B460-7656504673DA}"
EndProject
Project("{FAE04EC0-301F-11D3-BF4B-00C04F79EFBC}") = "Ifpa.iOS.RankExtension", "Ifpa\Ifpa.iOS.RankExtension\Ifpa.iOS.RankExtension.csproj", "{B3F995E8-AB25-481E-A550-3477DD0C2F23}"
EndProject
Global
	GlobalSection(SolutionConfigurationPlatforms) = preSolution
		Debug|Any CPU = Debug|Any CPU
		Debug|iPhone = Debug|iPhone
		Debug|iPhoneSimulator = Debug|iPhoneSimulator
		Release|Any CPU = Release|Any CPU
		Release|iPhone = Release|iPhone
		Release|iPhoneSimulator = Release|iPhoneSimulator
	EndGlobalSection
	GlobalSection(ProjectConfigurationPlatforms) = postSolution
		{93A4FD23-766C-4815-85D2-C26CFD02EDA0}.Debug|Any CPU.ActiveCfg = Debug|Any CPU
		{93A4FD23-766C-4815-85D2-C26CFD02EDA0}.Debug|Any CPU.Build.0 = Debug|Any CPU
		{93A4FD23-766C-4815-85D2-C26CFD02EDA0}.Debug|Any CPU.Deploy.0 = Debug|Any CPU
		{93A4FD23-766C-4815-85D2-C26CFD02EDA0}.Debug|iPhone.ActiveCfg = Debug|Any CPU
		{93A4FD23-766C-4815-85D2-C26CFD02EDA0}.Debug|iPhone.Build.0 = Debug|Any CPU
		{93A4FD23-766C-4815-85D2-C26CFD02EDA0}.Debug|iPhone.Deploy.0 = Debug|Any CPU
		{93A4FD23-766C-4815-85D2-C26CFD02EDA0}.Debug|iPhoneSimulator.ActiveCfg = Debug|Any CPU
		{93A4FD23-766C-4815-85D2-C26CFD02EDA0}.Debug|iPhoneSimulator.Build.0 = Debug|Any CPU
		{93A4FD23-766C-4815-85D2-C26CFD02EDA0}.Debug|iPhoneSimulator.Deploy.0 = Debug|Any CPU
		{93A4FD23-766C-4815-85D2-C26CFD02EDA0}.Release|Any CPU.ActiveCfg = Release|Any CPU
		{93A4FD23-766C-4815-85D2-C26CFD02EDA0}.Release|Any CPU.Build.0 = Release|Any CPU
		{93A4FD23-766C-4815-85D2-C26CFD02EDA0}.Release|Any CPU.Deploy.0 = Release|Any CPU
		{93A4FD23-766C-4815-85D2-C26CFD02EDA0}.Release|iPhone.ActiveCfg = Release|Any CPU
		{93A4FD23-766C-4815-85D2-C26CFD02EDA0}.Release|iPhone.Build.0 = Release|Any CPU
		{93A4FD23-766C-4815-85D2-C26CFD02EDA0}.Release|iPhone.Deploy.0 = Release|Any CPU
		{93A4FD23-766C-4815-85D2-C26CFD02EDA0}.Release|iPhoneSimulator.ActiveCfg = Release|Any CPU
		{93A4FD23-766C-4815-85D2-C26CFD02EDA0}.Release|iPhoneSimulator.Build.0 = Release|Any CPU
		{93A4FD23-766C-4815-85D2-C26CFD02EDA0}.Release|iPhoneSimulator.Deploy.0 = Release|Any CPU
		{AC6C8F6D-8F45-457A-A3E1-0998EAFBF1E5}.Debug|Any CPU.ActiveCfg = Debug|iPhoneSimulator
		{AC6C8F6D-8F45-457A-A3E1-0998EAFBF1E5}.Debug|Any CPU.Build.0 = Debug|iPhoneSimulator
		{AC6C8F6D-8F45-457A-A3E1-0998EAFBF1E5}.Debug|Any CPU.Deploy.0 = Debug|iPhoneSimulator
		{AC6C8F6D-8F45-457A-A3E1-0998EAFBF1E5}.Debug|iPhone.ActiveCfg = Debug|iPhone
		{AC6C8F6D-8F45-457A-A3E1-0998EAFBF1E5}.Debug|iPhone.Build.0 = Debug|iPhone
		{AC6C8F6D-8F45-457A-A3E1-0998EAFBF1E5}.Debug|iPhone.Deploy.0 = Debug|iPhone
		{AC6C8F6D-8F45-457A-A3E1-0998EAFBF1E5}.Debug|iPhoneSimulator.ActiveCfg = Debug|iPhoneSimulator
		{AC6C8F6D-8F45-457A-A3E1-0998EAFBF1E5}.Debug|iPhoneSimulator.Build.0 = Debug|iPhoneSimulator
		{AC6C8F6D-8F45-457A-A3E1-0998EAFBF1E5}.Debug|iPhoneSimulator.Deploy.0 = Debug|iPhoneSimulator
		{AC6C8F6D-8F45-457A-A3E1-0998EAFBF1E5}.Release|Any CPU.ActiveCfg = Release|iPhone
		{AC6C8F6D-8F45-457A-A3E1-0998EAFBF1E5}.Release|Any CPU.Build.0 = Release|iPhone
		{AC6C8F6D-8F45-457A-A3E1-0998EAFBF1E5}.Release|Any CPU.Deploy.0 = Release|iPhone
		{AC6C8F6D-8F45-457A-A3E1-0998EAFBF1E5}.Release|iPhone.ActiveCfg = Release|iPhone
		{AC6C8F6D-8F45-457A-A3E1-0998EAFBF1E5}.Release|iPhone.Build.0 = Release|iPhone
		{AC6C8F6D-8F45-457A-A3E1-0998EAFBF1E5}.Release|iPhone.Deploy.0 = Release|iPhone
		{AC6C8F6D-8F45-457A-A3E1-0998EAFBF1E5}.Release|iPhoneSimulator.ActiveCfg = Release|iPhoneSimulator
		{AC6C8F6D-8F45-457A-A3E1-0998EAFBF1E5}.Release|iPhoneSimulator.Build.0 = Release|iPhoneSimulator
		{AC6C8F6D-8F45-457A-A3E1-0998EAFBF1E5}.Release|iPhoneSimulator.Deploy.0 = Release|iPhoneSimulator
		{924ED4A9-0C09-4CD9-B460-7656504673DA}.Debug|Any CPU.ActiveCfg = Debug|Any CPU
		{924ED4A9-0C09-4CD9-B460-7656504673DA}.Debug|Any CPU.Build.0 = Debug|Any CPU
		{924ED4A9-0C09-4CD9-B460-7656504673DA}.Debug|Any CPU.Deploy.0 = Debug|Any CPU
		{924ED4A9-0C09-4CD9-B460-7656504673DA}.Debug|iPhone.ActiveCfg = Debug|Any CPU
		{924ED4A9-0C09-4CD9-B460-7656504673DA}.Debug|iPhone.Build.0 = Debug|Any CPU
		{924ED4A9-0C09-4CD9-B460-7656504673DA}.Debug|iPhone.Deploy.0 = Debug|Any CPU
		{924ED4A9-0C09-4CD9-B460-7656504673DA}.Debug|iPhoneSimulator.ActiveCfg = Debug|Any CPU
		{924ED4A9-0C09-4CD9-B460-7656504673DA}.Debug|iPhoneSimulator.Build.0 = Debug|Any CPU
		{924ED4A9-0C09-4CD9-B460-7656504673DA}.Debug|iPhoneSimulator.Deploy.0 = Debug|Any CPU
		{924ED4A9-0C09-4CD9-B460-7656504673DA}.Release|Any CPU.ActiveCfg = Release|Any CPU
		{924ED4A9-0C09-4CD9-B460-7656504673DA}.Release|Any CPU.Build.0 = Release|Any CPU
		{924ED4A9-0C09-4CD9-B460-7656504673DA}.Release|Any CPU.Deploy.0 = Release|Any CPU
		{924ED4A9-0C09-4CD9-B460-7656504673DA}.Release|iPhone.ActiveCfg = Release|Any CPU
		{924ED4A9-0C09-4CD9-B460-7656504673DA}.Release|iPhone.Build.0 = Release|Any CPU
		{924ED4A9-0C09-4CD9-B460-7656504673DA}.Release|iPhone.Deploy.0 = Release|Any CPU
		{924ED4A9-0C09-4CD9-B460-7656504673DA}.Release|iPhoneSimulator.ActiveCfg = Release|Any CPU
		{924ED4A9-0C09-4CD9-B460-7656504673DA}.Release|iPhoneSimulator.Build.0 = Release|Any CPU
		{924ED4A9-0C09-4CD9-B460-7656504673DA}.Release|iPhoneSimulator.Deploy.0 = Release|Any CPU
		{B3F995E8-AB25-481E-A550-3477DD0C2F23}.Debug|Any CPU.ActiveCfg = Debug|iPhone
		{B3F995E8-AB25-481E-A550-3477DD0C2F23}.Debug|iPhone.ActiveCfg = Debug|iPhone
		{B3F995E8-AB25-481E-A550-3477DD0C2F23}.Debug|iPhone.Build.0 = Debug|iPhone
		{B3F995E8-AB25-481E-A550-3477DD0C2F23}.Debug|iPhoneSimulator.ActiveCfg = Debug|iPhoneSimulator
		{B3F995E8-AB25-481E-A550-3477DD0C2F23}.Debug|iPhoneSimulator.Build.0 = Debug|iPhoneSimulator
		{B3F995E8-AB25-481E-A550-3477DD0C2F23}.Release|Any CPU.ActiveCfg = Release|iPhone
		{B3F995E8-AB25-481E-A550-3477DD0C2F23}.Release|iPhone.ActiveCfg = Release|iPhone
		{B3F995E8-AB25-481E-A550-3477DD0C2F23}.Release|iPhone.Build.0 = Release|iPhone
		{B3F995E8-AB25-481E-A550-3477DD0C2F23}.Release|iPhoneSimulator.ActiveCfg = Release|iPhoneSimulator
		{B3F995E8-AB25-481E-A550-3477DD0C2F23}.Release|iPhoneSimulator.Build.0 = Release|iPhoneSimulator
	EndGlobalSection
	GlobalSection(SolutionProperties) = preSolution
		HideSolutionNode = FALSE
	EndGlobalSection
	GlobalSection(ExtensibilityGlobals) = postSolution
		SolutionGuid = {9C51CD80-922F-428F-B7E7-4177DB4423F3}
	EndGlobalSection
EndGlobal
